
Microsoft Visual Studio Solution File, Format Version 12.00
# Visual Studio Version 17
VisualStudioVersion = 17.6.33815.320
MinimumVisualStudioVersion = 10.0.40219.1
Project("{FAE04EC0-301F-11D3-BF4B-00C04F79EFBC}") = "WGU App.Android", "WGU App\WGU App.Android\WGU App.Android.csproj", "{A82DFDED-9C70-43D1-9125-CABC9D381C4D}"
EndProject
Project("{FAE04EC0-301F-11D3-BF4B-00C04F79EFBC}") = "WGU App", "WGU App\WGU App\WGU App.csproj", "{AC1DA54B-41A9-4E68-A24B-79C1D83781E4}"
EndProject
Global
	GlobalSection(SolutionConfigurationPlatforms) = preSolution
		Debug|Any CPU = Debug|Any CPU
		Release|Any CPU = Release|Any CPU
	EndGlobalSection
	GlobalSection(ProjectConfigurationPlatforms) = postSolution
		{A82DFDED-9C70-43D1-9125-CABC9D381C4D}.Debug|Any CPU.ActiveCfg = Debug|Any CPU
		{A82DFDED-9C70-43D1-9125-CABC9D381C4D}.Debug|Any CPU.Build.0 = Debug|Any CPU
		{A82DFDED-9C70-43D1-9125-CABC9D381C4D}.Debug|Any CPU.Deploy.0 = Debug|Any CPU
		{A82DFDED-9C70-43D1-9125-CABC9D381C4D}.Release|Any CPU.ActiveCfg = Release|Any CPU
		{A82DFDED-9C70-43D1-9125-CABC9D381C4D}.Release|Any CPU.Build.0 = Release|Any CPU
		{A82DFDED-9C70-43D1-9125-CABC9D381C4D}.Release|Any CPU.Deploy.0 = Release|Any CPU
		{AC1DA54B-41A9-4E68-A24B-79C1D83781E4}.Debug|Any CPU.ActiveCfg = Debug|Any CPU
		{AC1DA54B-41A9-4E68-A24B-79C1D83781E4}.Debug|Any CPU.Build.0 = Debug|Any CPU
		{AC1DA54B-41A9-4E68-A24B-79C1D83781E4}.Debug|Any CPU.Deploy.0 = Debug|Any CPU
		{AC1DA54B-41A9-4E68-A24B-79C1D83781E4}.Release|Any CPU.ActiveCfg = Release|Any CPU
		{AC1DA54B-41A9-4E68-A24B-79C1D83781E4}.Release|Any CPU.Build.0 = Release|Any CPU
		{AC1DA54B-41A9-4E68-A24B-79C1D83781E4}.Release|Any CPU.Deploy.0 = Release|Any CPU
	EndGlobalSection
	GlobalSection(SolutionProperties) = preSolution
		HideSolutionNode = FALSE
	EndGlobalSection
	GlobalSection(ExtensibilityGlobals) = postSolution
		SolutionGuid = {BFAD2617-E1FC-43C9-B0A0-75A40B178A73}
	EndGlobalSection
EndGlobal
